
Microsoft Visual Studio Solution File, Format Version 12.00
# Visual Studio Version 16
VisualStudioVersion = 16.0.31729.503
MinimumVisualStudioVersion = 10.0.40219.1
Project("{FAE04EC0-301F-11D3-BF4B-00C04F79EFBC}") = "PersonDB", "PersonDB.csproj", "{DBBAA582-6DB8-4DDD-84DC-0E017F8F9978}"
EndProject
Global
	GlobalSection(SolutionConfigurationPlatforms) = preSolution
		Debug|Any CPU = Debug|Any CPU
		Release|Any CPU = Release|Any CPU
	EndGlobalSection
	GlobalSection(ProjectConfigurationPlatforms) = postSolution
		{DBBAA582-6DB8-4DDD-84DC-0E017F8F9978}.Debug|Any CPU.ActiveCfg = Debug|Any CPU
		{DBBAA582-6DB8-4DDD-84DC-0E017F8F9978}.Debug|Any CPU.Build.0 = Debug|Any CPU
		{DBBAA582-6DB8-4DDD-84DC-0E017F8F9978}.Release|Any CPU.ActiveCfg = Release|Any CPU
		{DBBAA582-6DB8-4DDD-84DC-0E017F8F9978}.Release|Any CPU.Build.0 = Release|Any CPU
	EndGlobalSection
	GlobalSection(SolutionProperties) = preSolution
		HideSolutionNode = FALSE
	EndGlobalSection
	GlobalSection(ExtensibilityGlobals) = postSolution
		SolutionGuid = {F98EF458-2520-46B1-86D2-BEC06D8D3818}
	EndGlobalSection
EndGlobal
